
Microsoft Visual Studio Solution File, Format Version 12.00
# Visual Studio Version 17
VisualStudioVersion = 17.3.32901.215
MinimumVisualStudioVersion = 10.0.40219.1
Project("{FAE04EC0-301F-11D3-BF4B-00C04F79EFBC}") = "bölüm1-1", "bölüm1-1\bölüm1-1.csproj", "{8A8F4548-3146-4A49-92E3-002A64E57081}"
EndProject
Global
	GlobalSection(SolutionConfigurationPlatforms) = preSolution
		Debug|Any CPU = Debug|Any CPU
		Release|Any CPU = Release|Any CPU
	EndGlobalSection
	GlobalSection(ProjectConfigurationPlatforms) = postSolution
		{8A8F4548-3146-4A49-92E3-002A64E57081}.Debug|Any CPU.ActiveCfg = Debug|Any CPU
		{8A8F4548-3146-4A49-92E3-002A64E57081}.Debug|Any CPU.Build.0 = Debug|Any CPU
		{8A8F4548-3146-4A49-92E3-002A64E57081}.Release|Any CPU.ActiveCfg = Release|Any CPU
		{8A8F4548-3146-4A49-92E3-002A64E57081}.Release|Any CPU.Build.0 = Release|Any CPU
	EndGlobalSection
	GlobalSection(SolutionProperties) = preSolution
		HideSolutionNode = FALSE
	EndGlobalSection
	GlobalSection(ExtensibilityGlobals) = postSolution
		SolutionGuid = {8C83AF85-FB0E-4DAC-AFC6-AFCBFBB0A36C}
	EndGlobalSection
EndGlobal
